
Microsoft Visual Studio Solution File, Format Version 12.00
# Visual Studio 15
VisualStudioVersion = 15.0.27703.2042
MinimumVisualStudioVersion = 10.0.40219.1
Project("{FAE04EC0-301F-11D3-BF4B-00C04F79EFBC}") = "VisionWare.TechTest.Data", "VisionWare.TechTest.Data\VisionWare.TechTest.Data.csproj", "{A6059C8D-094F-4431-8C7D-D8AA72C97FBB}"
EndProject
Project("{FAE04EC0-301F-11D3-BF4B-00C04F79EFBC}") = "VisionWare.TechTest.Common", "VisionWare.TechTest.Common\VisionWare.TechTest.Common.csproj", "{3DBC7E17-3E85-4F02-AA25-B0F493ECC564}"
EndProject
Project("{FAE04EC0-301F-11D3-BF4B-00C04F79EFBC}") = "VisionWare.TechTest.Web", "VisionWare.TechTest.Web\VisionWare.TechTest.Web.csproj", "{46C33F20-D34A-4A62-9CD2-5D790E03C8C0}"
EndProject
Global
	GlobalSection(SolutionConfigurationPlatforms) = preSolution
		Debug|Any CPU = Debug|Any CPU
		Release|Any CPU = Release|Any CPU
	EndGlobalSection
	GlobalSection(ProjectConfigurationPlatforms) = postSolution
		{A6059C8D-094F-4431-8C7D-D8AA72C97FBB}.Debug|Any CPU.ActiveCfg = Debug|Any CPU
		{A6059C8D-094F-4431-8C7D-D8AA72C97FBB}.Debug|Any CPU.Build.0 = Debug|Any CPU
		{A6059C8D-094F-4431-8C7D-D8AA72C97FBB}.Release|Any CPU.ActiveCfg = Release|Any CPU
		{A6059C8D-094F-4431-8C7D-D8AA72C97FBB}.Release|Any CPU.Build.0 = Release|Any CPU
		{3DBC7E17-3E85-4F02-AA25-B0F493ECC564}.Debug|Any CPU.ActiveCfg = Debug|Any CPU
		{3DBC7E17-3E85-4F02-AA25-B0F493ECC564}.Debug|Any CPU.Build.0 = Debug|Any CPU
		{3DBC7E17-3E85-4F02-AA25-B0F493ECC564}.Release|Any CPU.ActiveCfg = Release|Any CPU
		{3DBC7E17-3E85-4F02-AA25-B0F493ECC564}.Release|Any CPU.Build.0 = Release|Any CPU
		{46C33F20-D34A-4A62-9CD2-5D790E03C8C0}.Debug|Any CPU.ActiveCfg = Debug|Any CPU
		{46C33F20-D34A-4A62-9CD2-5D790E03C8C0}.Debug|Any CPU.Build.0 = Debug|Any CPU
		{46C33F20-D34A-4A62-9CD2-5D790E03C8C0}.Release|Any CPU.ActiveCfg = Release|Any CPU
		{46C33F20-D34A-4A62-9CD2-5D790E03C8C0}.Release|Any CPU.Build.0 = Release|Any CPU
	EndGlobalSection
	GlobalSection(SolutionProperties) = preSolution
		HideSolutionNode = FALSE
	EndGlobalSection
	GlobalSection(ExtensibilityGlobals) = postSolution
		SolutionGuid = {BF127F33-1AA7-48D1-8DD8-E27FBCCF4415}
	EndGlobalSection
EndGlobal
